
Microsoft Visual Studio Solution File, Format Version 12.00
# Visual Studio Version 16
VisualStudioVersion = 16.0.29025.244
MinimumVisualStudioVersion = 10.0.40219.1
Project("{FAE04EC0-301F-11D3-BF4B-00C04F79EFBC}") = "Minecraft_Commnad_Sharp", "Minecraft_Commnad_Sharp\Minecraft_Commnad_Sharp.csproj", "{ACD322B9-17DF-4FCB-8851-7003E3559EC8}"
EndProject
Global
	GlobalSection(SolutionConfigurationPlatforms) = preSolution
		Debug|Any CPU = Debug|Any CPU
		Release|Any CPU = Release|Any CPU
	EndGlobalSection
	GlobalSection(ProjectConfigurationPlatforms) = postSolution
		{ACD322B9-17DF-4FCB-8851-7003E3559EC8}.Debug|Any CPU.ActiveCfg = Debug|Any CPU
		{ACD322B9-17DF-4FCB-8851-7003E3559EC8}.Debug|Any CPU.Build.0 = Debug|Any CPU
		{ACD322B9-17DF-4FCB-8851-7003E3559EC8}.Release|Any CPU.ActiveCfg = Release|Any CPU
		{ACD322B9-17DF-4FCB-8851-7003E3559EC8}.Release|Any CPU.Build.0 = Release|Any CPU
	EndGlobalSection
	GlobalSection(SolutionProperties) = preSolution
		HideSolutionNode = FALSE
	EndGlobalSection
	GlobalSection(ExtensibilityGlobals) = postSolution
		SolutionGuid = {5A63E45D-5F4B-4925-B669-6DF5F13FED9B}
	EndGlobalSection
EndGlobal
